{
  "name": "ohmrrr",
  "version": "1.0.0",
  "lockfileVersion": 2,
  "requires": true,
  "packages": {
    "": {
      "name": "ohmrrr",
      "version": "1.0.0",
      "license": "MIT",
      "dependencies": {
        "axios": "^0.25.0",
        "dedent": "^0.7.0",
        "moment": "^2.29.1"
      },
      "devDependencies": {
        "@types/dedent": "^0.7.0",
        "@types/node": "^17.0.16",
        "typescript": "^4.5.5"
      }
    },
    "node_modules/@types/dedent": {
      "version": "0.7.0",
      "resolved": "https://registry.npmjs.org/@types/dedent/-/dedent-0.7.0.tgz",
      "integrity": "sha512-EGlKlgMhnLt/cM4DbUSafFdrkeJoC9Mvnj0PUCU7tFmTjMjNRT957kXCx0wYm3JuEq4o4ZsS5vG+NlkM2DMd2A==",
      "dev": true
    },
    "node_modules/@types/node": {
      "version": "17.0.16",
      "resolved": "https://registry.npmjs.org/@types/node/-/node-17.0.16.tgz",
      "integrity": "sha512-ydLaGVfQOQ6hI1xK2A5nVh8bl0OGoIfYMxPWHqqYe9bTkWCfqiVvZoh2I/QF2sNSkZzZyROBoTefIEI+PB6iIA==",
      "dev": true
    },
    "node_modules/axios": {
      "version": "0.25.0",
      "resolved": "https://registry.npmjs.org/axios/-/axios-0.25.0.tgz",
      "integrity": "sha512-cD8FOb0tRH3uuEe6+evtAbgJtfxr7ly3fQjYcMcuPlgkwVS9xboaVIpcDV+cYQe+yGykgwZCs1pzjntcGa6l5g==",
      "dependencies": {
        "follow-redirects": "^1.14.7"
      }
    },
    "node_modules/dedent": {
      "version": "0.7.0",
      "resolved": "https://registry.npmjs.org/dedent/-/dedent-0.7.0.tgz",
      "integrity": "sha1-JJXduvbrh0q7Dhvp3yLS5aVEMmw="
    },
    "node_modules/follow-redirects": {
      "version": "1.14.8",
      "resolved": "https://registry.npmjs.org/follow-redirects/-/follow-redirects-1.14.8.tgz",
      "integrity": "sha512-1x0S9UVJHsQprFcEC/qnNzBLcIxsjAV905f/UkQxbclCsoTWlacCNOpQa/anodLl2uaEKFhfWOvM2Qg77+15zA==",
      "funding": [
        {
          "type": "individual",
          "url": "https://github.com/sponsors/RubenVerborgh"
        }
      ],
      "engines": {
        "node": ">=4.0"
      },
      "peerDependenciesMeta": {
        "debug": {
          "optional": true
        }
      }
    },
    "node_modules/moment": {
      "version": "2.29.1",
      "resolved": "https://registry.npmjs.org/moment/-/moment-2.29.1.tgz",
      "integrity": "sha512-kHmoybcPV8Sqy59DwNDY3Jefr64lK/by/da0ViFcuA4DH0vQg5Q6Ze5VimxkfQNSC+Mls/Kx53s7TjP1RhFEDQ==",
      "engines": {
        "node": "*"
      }
    },
    "node_modules/typescript": {
      "version": "4.5.5",
      "resolved": "https://registry.npmjs.org/typescript/-/typescript-4.5.5.tgz",
      "integrity": "sha512-TCTIul70LyWe6IJWT8QSYeA54WQe8EjQFU4wY52Fasj5UKx88LNYKCgBEHcOMOrFF1rKGbD8v/xcNWVUq9SymA==",
      "dev": true,
      "bin": {
        "tsc": "bin/tsc",
        "tsserver": "bin/tsserver"
      },
      "engines": {
        "node": ">=4.2.0"
      }
    }
  },
  "dependencies": {
    "@types/dedent": {
      "version": "0.7.0",
      "resolved": "https://registry.npmjs.org/@types/dedent/-/dedent-0.7.0.tgz",
      "integrity": "sha512-EGlKlgMhnLt/cM4DbUSafFdrkeJoC9Mvnj0PUCU7tFmTjMjNRT957kXCx0wYm3JuEq4o4ZsS5vG+NlkM2DMd2A==",
      "dev": true
    },
    "@types/node": {
      "version": "17.0.16",
      "resolved": "https://registry.npmjs.org/@types/node/-/node-17.0.16.tgz",
      "integrity": "sha512-ydLaGVfQOQ6hI1xK2A5nVh8bl0OGoIfYMxPWHqqYe9bTkWCfqiVvZoh2I/QF2sNSkZzZyROBoTefIEI+PB6iIA==",
      "dev": true
    },
    "axios": {
      "version": "0.25.0",
      "resolved": "https://registry.npmjs.org/axios/-/axios-0.25.0.tgz",
      "integrity": "sha512-cD8FOb0tRH3uuEe6+evtAbgJtfxr7ly3fQjYcMcuPlgkwVS9xboaVIpcDV+cYQe+yGykgwZCs1pzjntcGa6l5g==",
      "requires": {
        "follow-redirects": "^1.14.7"
      }
    },
    "dedent": {
      "version": "0.7.0",
      "resolved": "https://registry.npmjs.org/dedent/-/dedent-0.7.0.tgz",
      "integrity": "sha1-JJXduvbrh0q7Dhvp3yLS5aVEMmw="
    },
    "follow-redirects": {
      "version": "1.14.8",
      "resolved": "https://registry.npmjs.org/follow-redirects/-/follow-redirects-1.14.8.tgz",
      "integrity": "sha512-1x0S9UVJHsQprFcEC/qnNzBLcIxsjAV905f/UkQxbclCsoTWlacCNOpQa/anodLl2uaEKFhfWOvM2Qg77+15zA=="
    },
    "moment": {
      "version": "2.29.1",
      "resolved": "https://registry.npmjs.org/moment/-/moment-2.29.1.tgz",
      "integrity": "sha512-kHmoybcPV8Sqy59DwNDY3Jefr64lK/by/da0ViFcuA4DH0vQg5Q6Ze5VimxkfQNSC+Mls/Kx53s7TjP1RhFEDQ=="
    },
    "typescript": {
      "version": "4.5.5",
      "resolved": "https://registry.npmjs.org/typescript/-/typescript-4.5.5.tgz",
      "integrity": "sha512-TCTIul70LyWe6IJWT8QSYeA54WQe8EjQFU4wY52Fasj5UKx88LNYKCgBEHcOMOrFF1rKGbD8v/xcNWVUq9SymA==",
      "dev": true
    }
  }
}
